
Microsoft Visual Studio Solution File, Format Version 12.00
# Visual Studio 15
VisualStudioVersion = 15.0.27703.2026
MinimumVisualStudioVersion = 10.0.40219.1
Project("{FAE04EC0-301F-11D3-BF4B-00C04F79EFBC}") = "Linqturorial", "Linqturorial\Linqturorial.csproj", "{79DF537B-70FB-4DB7-82BC-0FAFBEADBCCE}"
EndProject
Global
	GlobalSection(SolutionConfigurationPlatforms) = preSolution
		Debug|Any CPU = Debug|Any CPU
		Release|Any CPU = Release|Any CPU
	EndGlobalSection
	GlobalSection(ProjectConfigurationPlatforms) = postSolution
		{79DF537B-70FB-4DB7-82BC-0FAFBEADBCCE}.Debug|Any CPU.ActiveCfg = Debug|Any CPU
		{79DF537B-70FB-4DB7-82BC-0FAFBEADBCCE}.Debug|Any CPU.Build.0 = Debug|Any CPU
		{79DF537B-70FB-4DB7-82BC-0FAFBEADBCCE}.Release|Any CPU.ActiveCfg = Release|Any CPU
		{79DF537B-70FB-4DB7-82BC-0FAFBEADBCCE}.Release|Any CPU.Build.0 = Release|Any CPU
	EndGlobalSection
	GlobalSection(SolutionProperties) = preSolution
		HideSolutionNode = FALSE
	EndGlobalSection
	GlobalSection(ExtensibilityGlobals) = postSolution
		SolutionGuid = {613924F6-564E-497C-BF07-F8159F66BD92}
	EndGlobalSection
EndGlobal
