
Microsoft Visual Studio Solution File, Format Version 12.00
Project("{FAE04EC0-301F-11D3-BF4B-00C04F79EFBC}") = "BasicIOandVariables", "BasicIOandVariables\BasicIOandVariables.csproj", "{C6D1B6F0-803F-44CC-BA0A-94D198932D8D}"
EndProject
Global
	GlobalSection(SolutionConfigurationPlatforms) = preSolution
		Debug|Any CPU = Debug|Any CPU
		Release|Any CPU = Release|Any CPU
	EndGlobalSection
	GlobalSection(ProjectConfigurationPlatforms) = postSolution
		{C6D1B6F0-803F-44CC-BA0A-94D198932D8D}.Debug|Any CPU.ActiveCfg = Debug|Any CPU
		{C6D1B6F0-803F-44CC-BA0A-94D198932D8D}.Debug|Any CPU.Build.0 = Debug|Any CPU
		{C6D1B6F0-803F-44CC-BA0A-94D198932D8D}.Release|Any CPU.ActiveCfg = Release|Any CPU
		{C6D1B6F0-803F-44CC-BA0A-94D198932D8D}.Release|Any CPU.Build.0 = Release|Any CPU
	EndGlobalSection
EndGlobal
